# This file is autogenerated, do not edit; changes may be undone by the next 'dep ensure'.


[[projects]]
  branch = "master"
  name = "github.com/bcicen/termui"
  packages = ["."]
  revision = "fa01b6e1cd5640b78c3e3e26d763d3cf8f5d0334"

[[projects]]
  name = "github.com/maruel/panicparse"
  packages = ["stack"]
  revision = "766956aceb8ff49664065ae50bef0ae8a0a83ec4"
  version = "v1.0.2"

[[projects]]
  name = "github.com/mattn/go-runewidth"
  packages = ["."]
  revision = "9e777a8366cce605130a531d2cd6363d07ad7317"
  version = "v0.0.2"

[[projects]]
  branch = "master"
  name = "github.com/mitchellh/go-wordwrap"
  packages = ["."]
  revision = "ad45545899c7b13c020ea92b2072220eefad42b8"

[[projects]]
  branch = "master"
  name = "github.com/nsf/termbox-go"
  packages = ["."]
  revision = "e2050e41c8847748ec5288741c0b19a8cb26d084"

[solve-meta]
  analyzer-name = "dep"
  analyzer-version = 1
  inputs-digest = "90f8c23ac54c486e7f337b5db1b66364f228a3dfe5863d4cce6e6a595f2573c0"
  solver-name = "gps-cdcl"
  solver-version = 1
