# This file is autogenerated, do not edit; changes may be undone by the next 'dep ensure'.


[[projects]]
  branch = "master"
  name = "github.com/gizak/termui"
  packages = ["."]
  revision = "cdc199d7ea432fd8187db35f0247285d6f5b0267"
  source = "https://github.com/bcicen/termui"

[[projects]]
  name = "github.com/maruel/panicparse"
  packages = ["stack"]
  revision = "766956aceb8ff49664065ae50bef0ae8a0a83ec4"
  version = "v1.0.2"

[[projects]]
  name = "github.com/mattn/go-runewidth"
  packages = ["."]
  revision = "9e777a8366cce605130a531d2cd6363d07ad7317"
  version = "v0.0.2"

[[projects]]
  branch = "master"
  name = "github.com/mitchellh/go-wordwrap"
  packages = ["."]
  revision = "ad45545899c7b13c020ea92b2072220eefad42b8"

[[projects]]
  branch = "master"
  name = "github.com/nsf/termbox-go"
  packages = ["."]
  revision = "88b7b944be8bc8d8ec6195fca97c5869ba20f99d"

[solve-meta]
  analyzer-name = "dep"
  analyzer-version = 1
  inputs-digest = "748cfd89208477dced6470580b7b06b24aa1db4dbdce5630af47ddb39fe17526"
  solver-name = "gps-cdcl"
  solver-version = 1
